
Microsoft Visual Studio Solution File, Format Version 12.00
# Visual Studio Version 16
VisualStudioVersion = 16.0.31702.278
MinimumVisualStudioVersion = 10.0.40219.1
Project("{FAE04EC0-301F-11D3-BF4B-00C04F79EFBC}") = "BackEditorialPrueba", "BackEditorialPrueba\BackEditorialPrueba.csproj", "{6A2B13CE-57DC-4D5F-B1EE-7944EBC6FFB6}"
EndProject
Global
	GlobalSection(SolutionConfigurationPlatforms) = preSolution
		Debug|Any CPU = Debug|Any CPU
		Release|Any CPU = Release|Any CPU
	EndGlobalSection
	GlobalSection(ProjectConfigurationPlatforms) = postSolution
		{6A2B13CE-57DC-4D5F-B1EE-7944EBC6FFB6}.Debug|Any CPU.ActiveCfg = Debug|Any CPU
		{6A2B13CE-57DC-4D5F-B1EE-7944EBC6FFB6}.Debug|Any CPU.Build.0 = Debug|Any CPU
		{6A2B13CE-57DC-4D5F-B1EE-7944EBC6FFB6}.Release|Any CPU.ActiveCfg = Release|Any CPU
		{6A2B13CE-57DC-4D5F-B1EE-7944EBC6FFB6}.Release|Any CPU.Build.0 = Release|Any CPU
	EndGlobalSection
	GlobalSection(SolutionProperties) = preSolution
		HideSolutionNode = FALSE
	EndGlobalSection
	GlobalSection(ExtensibilityGlobals) = postSolution
		SolutionGuid = {F7676995-9045-470C-9ACC-10777FEEE286}
	EndGlobalSection
EndGlobal
